
Microsoft Visual Studio Solution File, Format Version 12.00
# Visual Studio Version 16
VisualStudioVersion = 16.0.29709.97
MinimumVisualStudioVersion = 10.0.40219.1
Project("{FAE04EC0-301F-11D3-BF4B-00C04F79EFBC}") = "Abs Factory", "Abs Factory\Abs Factory.csproj", "{B77A0963-36CA-41D1-8D73-C34BE0618481}"
EndProject
Global
	GlobalSection(SolutionConfigurationPlatforms) = preSolution
		Debug|Any CPU = Debug|Any CPU
		Release|Any CPU = Release|Any CPU
	EndGlobalSection
	GlobalSection(ProjectConfigurationPlatforms) = postSolution
		{B77A0963-36CA-41D1-8D73-C34BE0618481}.Debug|Any CPU.ActiveCfg = Debug|Any CPU
		{B77A0963-36CA-41D1-8D73-C34BE0618481}.Debug|Any CPU.Build.0 = Debug|Any CPU
		{B77A0963-36CA-41D1-8D73-C34BE0618481}.Release|Any CPU.ActiveCfg = Release|Any CPU
		{B77A0963-36CA-41D1-8D73-C34BE0618481}.Release|Any CPU.Build.0 = Release|Any CPU
	EndGlobalSection
	GlobalSection(SolutionProperties) = preSolution
		HideSolutionNode = FALSE
	EndGlobalSection
	GlobalSection(ExtensibilityGlobals) = postSolution
		SolutionGuid = {42987662-FD6B-4F43-9D6D-F0897F45B830}
	EndGlobalSection
EndGlobal
